// !$*UTF8*$!
{
	archiveVersion = 1;
	classes = {
	};
	objectVersion = 46;
	objects = {

/* Begin PBXBuildFile section */
		7C58DF6815B091A500BBF851 /* UIKit.framework in Frameworks */ = {isa = PBXBuildFile; fileRef = 7C58DF6715B091A500BBF851 /* UIKit.framework */; };
		7C58DF6A15B091A500BBF851 /* Foundation.framework in Frameworks */ = {isa = PBXBuildFile; fileRef = 7C58DF6915B091A500BBF851 /* Foundation.framework */; };
		7C58DF6C15B091A500BBF851 /* CoreGraphics.framework in Frameworks */ = {isa = PBXBuildFile; fileRef = 7C58DF6B15B091A500BBF851 /* CoreGraphics.framework */; };
		7C58DF7215B091A500BBF851 /* InfoPlist.strings in Resources */ = {isa = PBXBuildFile; fileRef = 7C58DF7015B091A500BBF851 /* InfoPlist.strings */; };
		7C58DF7415B091A500BBF851 /* main.m in Sources */ = {isa = PBXBuildFile; fileRef = 7C58DF7315B091A500BBF851 /* main.m */; };
		7C58DF7815B091A500BBF851 /* GCalculatorAppDelegate.m in Sources */ = {isa = PBXBuildFile; fileRef = 7C58DF7715B091A500BBF851 /* GCalculatorAppDelegate.m */; };
		7C58DF7B15B091A500BBF851 /* MainStoryboard_iPhone.storyboard in Resources */ = {isa = PBXBuildFile; fileRef = 7C58DF7915B091A500BBF851 /* MainStoryboard_iPhone.storyboard */; };
		7C58DF7E15B091A500BBF851 /* MainStoryboard_iPad.storyboard in Resources */ = {isa = PBXBuildFile; fileRef = 7C58DF7C15B091A500BBF851 /* MainStoryboard_iPad.storyboard */; };
		7C58DF8115B091A500BBF851 /* GCalculatorViewController.m in Sources */ = {isa = PBXBuildFile; fileRef = 7C58DF8015B091A500BBF851 /* GCalculatorViewController.m */; };
/* End PBXBuildFile section */

/* Begin PBXFileReference section */
		7C58DF6315B091A500BBF851 /* GCalculator.app */ = {isa = PBXFileReference; explicitFileType = wrapper.application; includeInIndex = 0; path = GCalculator.app; sourceTree = BUILT_PRODUCTS_DIR; };
		7C58DF6715B091A500BBF851 /* UIKit.framework */ = {isa = PBXFileReference; lastKnownFileType = wrapper.framework; name = UIKit.framework; path = System/Library/Frameworks/UIKit.framework; sourceTree = SDKROOT; };
		7C58DF6915B091A500BBF851 /* Foundation.framework */ = {isa = PBXFileReference; lastKnownFileType = wrapper.framework; name = Foundation.framework; path = System/Library/Frameworks/Foundation.framework; sourceTree = SDKROOT; };
		7C58DF6B15B091A500BBF851 /* CoreGraphics.framework */ = {isa = PBXFileReference; lastKnownFileType = wrapper.framework; name = CoreGraphics.framework; path = System/Library/Frameworks/CoreGraphics.framework; sourceTree = SDKROOT; };
		7C58DF6F15B091A500BBF851 /* GCalculator-Info.plist */ = {isa = PBXFileReference; path = "GCalculator-Info.plist"; sourceTree = "<group>"; };
		7C58DF7115B091A500BBF851 /* en */ = {isa = PBXFileReference; lastKnownFileType = text.plist.strings; name = en; path = en.lproj/InfoPlist.strings; sourceTree = "<group>"; };
		7C58DF7315B091A500BBF851 /* main.m */ = {isa = PBXFileReference; lastKnownFileType = sourcecode.c.objc; path = main.m; sourceTree = "<group>"; };
		7C58DF7515B091A500BBF851 /* GCalculator-Prefix.pch */ = {isa = PBXFileReference; path = "GCalculator-Prefix.pch"; sourceTree = "<group>"; };
		7C58DF7615B091A500BBF851 /* GCalculatorAppDelegate.h */ = {isa = PBXFileReference; path = GCalculatorAppDelegate.h; sourceTree = "<group>"; };
		7C58DF7715B091A500BBF851 /* GCalculatorAppDelegate.m */ = {isa = PBXFileReference; lastKnownFileType = sourcecode.c.objc; path = GCalculatorAppDelegate.m; sourceTree = "<group>"; };
		7C58DF7A15B091A500BBF851 /* en */ = {isa = PBXFileReference; lastKnownFileType = file.storyboard; name = en; path = en.lproj/MainStoryboard_iPhone.storyboard; sourceTree = "<group>"; };
		7C58DF7D15B091A500BBF851 /* en */ = {isa = PBXFileReference; lastKnownFileType = file.storyboard; name = en; path = en.lproj/MainStoryboard_iPad.storyboard; sourceTree = "<group>"; };
		7C58DF7F15B091A500BBF851 /* GCalculatorViewController.h */ = {isa = PBXFileReference; path = GCalculatorViewController.h; sourceTree = "<group>"; };
		7C58DF8015B091A500BBF851 /* GCalculatorViewController.m */ = {isa = PBXFileReference; lastKnownFileType = sourcecode.c.objc; path = GCalculatorViewController.m; sourceTree = "<group>"; };
/* End PBXFileReference section */

/* Begin PBXFrameworksBuildPhase section */
		7C58DF6015B091A500BBF851 /* Frameworks */ = {
			isa = PBXFrameworksBuildPhase;
			buildActionMask = 2147483647;
			files = (
				7C58DF6815B091A500BBF851 /* UIKit.framework in Frameworks */,
				7C58DF6A15B091A500BBF851 /* Foundation.framework in Frameworks */,
				7C58DF6C15B091A500BBF851 /* CoreGraphics.framework in Frameworks */,
			);
			runOnlyForDeploymentPostprocessing = 0;
		};
/* End PBXFrameworksBuildPhase section */

/* Begin PBXGroup section */
		7C58DF5815B091A500BBF851 = {
			isa = PBXGroup;
			children = (
				7C58DF6D15B091A500BBF851 /* GCalculator */,
				7C58DF6615B091A500BBF851 /* Frameworks */,
				7C58DF6415B091A500BBF851 /* Products */,
			);
			sourceTree = "<group>";
		};
		7C58DF6415B091A500BBF851 /* Products */ = {
			isa = PBXGroup;
			children = (
				7C58DF6315B091A500BBF851 /* GCalculator.app */,
			);
			name = Products;
			sourceTree = "<group>";
		};
		7C58DF6615B091A500BBF851 /* Frameworks */ = {
			isa = PBXGroup;
			children = (
				7C58DF6715B091A500BBF851 /* UIKit.framework */,
				7C58DF6915B091A500BBF851 /* Foundation.framework */,
				7C58DF6B15B091A500BBF851 /* CoreGraphics.framework */,
			);
			name = Frameworks;
			sourceTree = "<group>";
		};
		7C58DF6D15B091A500BBF851 /* GCalculator */ = {
			isa = PBXGroup;
			children = (
				7C58DF7615B091A500BBF851 /* GCalculatorAppDelegate.h */,
				7C58DF7715B091A500BBF851 /* GCalculatorAppDelegate.m */,
				7C58DF7915B091A500BBF851 /* MainStoryboard_iPhone.storyboard */,
				7C58DF7C15B091A500BBF851 /* MainStoryboard_iPad.storyboard */,
				7C58DF7F15B091A500BBF851 /* GCalculatorViewController.h */,
				7C58DF8015B091A500BBF851 /* GCalculatorViewController.m */,
				7C58DF6E15B091A500BBF851 /* Supporting Files */,
			);
			path = GCalculator;
			sourceTree = "<group>";
		};
		7C58DF6E15B091A500BBF851 /* Supporting Files */ = {
			isa = PBXGroup;
			children = (
				7C58DF6F15B091A500BBF851 /* GCalculator-Info.plist */,
				7C58DF7015B091A500BBF851 /* InfoPlist.strings */,
				7C58DF7315B091A500BBF851 /* main.m */,
				7C58DF7515B091A500BBF851 /* GCalculator-Prefix.pch */,
			);
			name = "Supporting Files";
			sourceTree = "<group>";
		};
/* End PBXGroup section */

/* Begin PBXNativeTarget section */
		7C58DF6215B091A500BBF851 /* GCalculator */ = {
			isa = PBXNativeTarget;
			buildConfigurationList = 7C58DF8415B091A500BBF851 /* Build configuration list for PBXNativeTarget "GCalculator" */;
			buildPhases = (
				7C58DF5F15B091A500BBF851 /* Sources */,
				7C58DF6015B091A500BBF851 /* Frameworks */,
				7C58DF6115B091A500BBF851 /* Resources */,
			);
			buildRules = (
			);
			dependencies = (
			);
			name = GCalculator;
			productName = GCalculator;
			productReference = 7C58DF6315B091A500BBF851 /* GCalculator.app */;
			productType = "com.apple.product-type.application";
		};
/* End PBXNativeTarget section */

/* Begin PBXProject section */
		7C58DF5A15B091A500BBF851 /* Project object */ = {
			isa = PBXProject;
			attributes = {
				CLASSPREFIX = GCalculator;
				LastUpgradeCheck = 0430;
			};
			buildConfigurationList = 7C58DF5D15B091A500BBF851 /* Build configuration list for PBXProject "GCalculator" */;
			compatibilityVersion = "Xcode 3.2";
			developmentRegion = English;
			hasScannedForEncodings = 0;
			knownRegions = (
				en,
			);
			mainGroup = 7C58DF5815B091A500BBF851;
			productRefGroup = 7C58DF6415B091A500BBF851 /* Products */;
			projectDirPath = "";
			projectRoot = "";
			targets = (
				7C58DF6215B091A500BBF851 /* GCalculator */,
			);
		};
/* End PBXProject section */

/* Begin PBXResourcesBuildPhase section */
		7C58DF6115B091A500BBF851 /* Resources */ = {
			isa = PBXResourcesBuildPhase;
			buildActionMask = 2147483647;
			files = (
				7C58DF7215B091A500BBF851 /* InfoPlist.strings in Resources */,
				7C58DF7B15B091A500BBF851 /* MainStoryboard_iPhone.storyboard in Resources */,
				7C58DF7E15B091A500BBF851 /* MainStoryboard_iPad.storyboard in Resources */,
			);
			runOnlyForDeploymentPostprocessing = 0;
		};
/* End PBXResourcesBuildPhase section */

/* Begin PBXSourcesBuildPhase section */
		7C58DF5F15B091A500BBF851 /* Sources */ = {
			isa = PBXSourcesBuildPhase;
			buildActionMask = 2147483647;
			files = (
				7C58DF7415B091A500BBF851 /* main.m in Sources */,
				7C58DF7815B091A500BBF851 /* GCalculatorAppDelegate.m in Sources */,
				7C58DF8115B091A500BBF851 /* GCalculatorViewController.m in Sources */,
			);
			runOnlyForDeploymentPostprocessing = 0;
		};
/* End PBXSourcesBuildPhase section */

/* Begin PBXVariantGroup section */
		7C58DF7015B091A500BBF851 /* InfoPlist.strings */ = {
			isa = PBXVariantGroup;
			children = (
				7C58DF7115B091A500BBF851 /* en */,
			);
			name = InfoPlist.strings;
			sourceTree = "<group>";
		};
		7C58DF7915B091A500BBF851 /* MainStoryboard_iPhone.storyboard */ = {
			isa = PBXVariantGroup;
			children = (
				7C58DF7A15B091A500BBF851 /* en */,
			);
			name = MainStoryboard_iPhone.storyboard;
			sourceTree = "<group>";
		};
		7C58DF7C15B091A500BBF851 /* MainStoryboard_iPad.storyboard */ = {
			isa = PBXVariantGroup;
			children = (
				7C58DF7D15B091A500BBF851 /* en */,
			);
			name = MainStoryboard_iPad.storyboard;
			sourceTree = "<group>";
		};
/* End PBXVariantGroup section */

/* Begin XCBuildConfiguration section */
		7C58DF8215B091A500BBF851 /* Debug */ = {
			isa = XCBuildConfiguration;
			buildSettings = {
				ALWAYS_SEARCH_USER_PATHS = NO;
				ARCHS = "$(ARCHS_STANDARD_32_BIT)";
				CLANG_ENABLE_OBJC_ARC = YES;
				"CODE_SIGN_IDENTITY[sdk=iphoneos*]" = "iPhone Developer";
				COPY_PHASE_STRIP = NO;
				GCC_C_LANGUAGE_STANDARD = gnu99;
				GCC_DYNAMIC_NO_PIC = NO;
				GCC_OPTIMIZATION_LEVEL = 0;
				GCC_PREPROCESSOR_DEFINITIONS = (
					"DEBUG=1",
					"$(inherited)",
				);
				GCC_SYMBOLS_PRIVATE_EXTERN = NO;
				GCC_VERSION = com.apple.compilers.llvm.clang.1_0;
				GCC_WARN_ABOUT_RETURN_TYPE = YES;
				GCC_WARN_UNINITIALIZED_AUTOS = YES;
				GCC_WARN_UNUSED_VARIABLE = YES;
				IPHONEOS_DEPLOYMENT_TARGET = 5.1;
				SDKROOT = iphoneos;
				TARGETED_DEVICE_FAMILY = "1,2";
			};
			name = Debug;
		};
		7C58DF8315B091A500BBF851 /* Release */ = {
			isa = XCBuildConfiguration;
			buildSettings = {
				ALWAYS_SEARCH_USER_PATHS = NO;
				ARCHS = "$(ARCHS_STANDARD_32_BIT)";
				CLANG_ENABLE_OBJC_ARC = YES;
				"CODE_SIGN_IDENTITY[sdk=iphoneos*]" = "iPhone Developer";
				COPY_PHASE_STRIP = YES;
				GCC_C_LANGUAGE_STANDARD = gnu99;
				GCC_VERSION = com.apple.compilers.llvm.clang.1_0;
				GCC_WARN_ABOUT_RETURN_TYPE = YES;
				GCC_WARN_UNINITIALIZED_AUTOS = YES;
				GCC_WARN_UNUSED_VARIABLE = YES;
				IPHONEOS_DEPLOYMENT_TARGET = 5.1;
				OTHER_CFLAGS = "-DNS_BLOCK_ASSERTIONS=1";
				SDKROOT = iphoneos;
				TARGETED_DEVICE_FAMILY = "1,2";
				VALIDATE_PRODUCT = YES;
			};
			name = Release;
		};
		7C58DF8515B091A500BBF851 /* Debug */ = {
			isa = XCBuildConfiguration;
			buildSettings = {
				GCC_PRECOMPILE_PREFIX_HEADER = YES;
				GCC_PREFIX_HEADER = "GCalculator/GCalculator-Prefix.pch";
				INFOPLIST_FILE = "GCalculator/GCalculator-Info.plist";
				PRODUCT_NAME = "$(TARGET_NAME)";
				WRAPPER_EXTENSION = app;
			};
			name = Debug;
		};
		7C58DF8615B091A500BBF851 /* Release */ = {
			isa = XCBuildConfiguration;
			buildSettings = {
				GCC_PRECOMPILE_PREFIX_HEADER = YES;
				GCC_PREFIX_HEADER = "GCalculator/GCalculator-Prefix.pch";
				INFOPLIST_FILE = "GCalculator/GCalculator-Info.plist";
				PRODUCT_NAME = "$(TARGET_NAME)";
				WRAPPER_EXTENSION = app;
			};
			name = Release;
		};
/* End XCBuildConfiguration section */

/* Begin XCConfigurationList section */
		7C58DF5D15B091A500BBF851 /* Build configuration list for PBXProject "GCalculator" */ = {
			isa = XCConfigurationList;
			buildConfigurations = (
				7C58DF8215B091A500BBF851 /* Debug */,
				7C58DF8315B091A500BBF851 /* Release */,
			);
			defaultConfigurationIsVisible = 0;
			defaultConfigurationName = Release;
		};
		7C58DF8415B091A500BBF851 /* Build configuration list for PBXNativeTarget "GCalculator" */ = {
			isa = XCConfigurationList;
			buildConfigurations = (
				7C58DF8515B091A500BBF851 /* Debug */,
				7C58DF8615B091A500BBF851 /* Release */,
			);
			defaultConfigurationIsVisible = 0;
		};
/* End XCConfigurationList section */
	};
	rootObject = 7C58DF5A15B091A500BBF851 /* Project object */;
}
